// !$*UTF8*$!
{
	archiveVersion = 1;
	classes = {
	};
	objectVersion = 50;
	objects = {

/* Begin PBXBuildFile section */
		7F1EE6FAABCB1D0C964AF72D /* Pods_MatchFireStore.framework in Frameworks */ = {isa = PBXBuildFile; fileRef = 3EEF930B53C95EFE382B7647 /* Pods_MatchFireStore.framework */; };
		C2515AE722A0EE0A00EABB89 /* Bindible.swift in Sources */ = {isa = PBXBuildFile; fileRef = C2515AE622A0EE0A00EABB89 /* Bindible.swift */; };
		C26F07A1228692A400375FE3 /* AppDelegate.swift in Sources */ = {isa = PBXBuildFile; fileRef = C26F07A0228692A400375FE3 /* AppDelegate.swift */; };
		C26F07A3228692A400375FE3 /* HomeController.swift in Sources */ = {isa = PBXBuildFile; fileRef = C26F07A2228692A400375FE3 /* HomeController.swift */; };
		C26F07A6228692A400375FE3 /* Main.storyboard in Resources */ = {isa = PBXBuildFile; fileRef = C26F07A4228692A400375FE3 /* Main.storyboard */; };
		C26F07A8228692A400375FE3 /* Assets.xcassets in Resources */ = {isa = PBXBuildFile; fileRef = C26F07A7228692A400375FE3 /* Assets.xcassets */; };
		C26F07AB228692A400375FE3 /* LaunchScreen.storyboard in Resources */ = {isa = PBXBuildFile; fileRef = C26F07A9228692A400375FE3 /* LaunchScreen.storyboard */; };
		C26F07B42286968F00375FE3 /* Extensions+UIView.swift in Sources */ = {isa = PBXBuildFile; fileRef = C26F07B32286968F00375FE3 /* Extensions+UIView.swift */; };
		C26F07B722869E9000375FE3 /* HomeBottomControlsStackView.swift in Sources */ = {isa = PBXBuildFile; fileRef = C26F07B622869E9000375FE3 /* HomeBottomControlsStackView.swift */; };
		C26F07B92286A59A00375FE3 /* TopNavagationStackView.swift in Sources */ = {isa = PBXBuildFile; fileRef = C26F07B82286A59A00375FE3 /* TopNavagationStackView.swift */; };
		C26F07BB2289E2A800375FE3 /* CardView.swift in Sources */ = {isa = PBXBuildFile; fileRef = C26F07BA2289E2A800375FE3 /* CardView.swift */; };
		C296D047229CE8100031462A /* RegistrationController.swift in Sources */ = {isa = PBXBuildFile; fileRef = C296D046229CE8100031462A /* RegistrationController.swift */; };
		C296D049229CFCCE0031462A /* CustomTextField.swift in Sources */ = {isa = PBXBuildFile; fileRef = C296D048229CFCCE0031462A /* CustomTextField.swift */; };
		C296D04B229E392F0031462A /* RegistrationViewModel.swift in Sources */ = {isa = PBXBuildFile; fileRef = C296D04A229E392F0031462A /* RegistrationViewModel.swift */; };
		C296D04D229FAB740031462A /* GoogleService-Info.plist in Resources */ = {isa = PBXBuildFile; fileRef = C296D04C229FAB740031462A /* GoogleService-Info.plist */; };
		C2E7F9E7228FF3ED006A5B16 /* CardViewModel.swift in Sources */ = {isa = PBXBuildFile; fileRef = C2E7F9E6228FF3ED006A5B16 /* CardViewModel.swift */; };
		C2E7F9E922926FB7006A5B16 /* Advertiser.swift in Sources */ = {isa = PBXBuildFile; fileRef = C2E7F9E822926FB7006A5B16 /* Advertiser.swift */; };
		C2EAED70228FE26400BB4D44 /* User.swift in Sources */ = {isa = PBXBuildFile; fileRef = C2EAED6F228FE26400BB4D44 /* User.swift */; };
/* End PBXBuildFile section */

/* Begin PBXFileReference section */
		1ABC5C8E5F8F0FF7668DF2B0 /* Pods-MatchFireStore.debug.xcconfig */ = {isa = PBXFileReference; includeInIndex = 1; lastKnownFileType = text.xcconfig; name = "Pods-MatchFireStore.debug.xcconfig"; path = "Pods/Target Support Files/Pods-MatchFireStore/Pods-MatchFireStore.debug.xcconfig"; sourceTree = "<group>"; };
		3EEF930B53C95EFE382B7647 /* Pods_MatchFireStore.framework */ = {isa = PBXFileReference; explicitFileType = wrapper.framework; includeInIndex = 0; path = Pods_MatchFireStore.framework; sourceTree = BUILT_PRODUCTS_DIR; };
		B04F903EF64919AF3F88E1B4 /* Pods-MatchFireStore.release.xcconfig */ = {isa = PBXFileReference; includeInIndex = 1; lastKnownFileType = text.xcconfig; name = "Pods-MatchFireStore.release.xcconfig"; path = "Pods/Target Support Files/Pods-MatchFireStore/Pods-MatchFireStore.release.xcconfig"; sourceTree = "<group>"; };
		C2515AE622A0EE0A00EABB89 /* Bindible.swift */ = {isa = PBXFileReference; lastKnownFileType = sourcecode.swift; path = Bindible.swift; sourceTree = "<group>"; };
		C26F079D228692A400375FE3 /* MatchFireStore.app */ = {isa = PBXFileReference; explicitFileType = wrapper.application; includeInIndex = 0; path = MatchFireStore.app; sourceTree = BUILT_PRODUCTS_DIR; };
		C26F07A0228692A400375FE3 /* AppDelegate.swift */ = {isa = PBXFileReference; lastKnownFileType = sourcecode.swift; path = AppDelegate.swift; sourceTree = "<group>"; };
		C26F07A2228692A400375FE3 /* HomeController.swift */ = {isa = PBXFileReference; lastKnownFileType = sourcecode.swift; path = HomeController.swift; sourceTree = "<group>"; };
		C26F07A5228692A400375FE3 /* Base */ = {isa = PBXFileReference; lastKnownFileType = file.storyboard; name = Base; path = Base.lproj/Main.storyboard; sourceTree = "<group>"; };
		C26F07A7228692A400375FE3 /* Assets.xcassets */ = {isa = PBXFileReference; lastKnownFileType = folder.assetcatalog; path = Assets.xcassets; sourceTree = "<group>"; };
		C26F07AA228692A400375FE3 /* Base */ = {isa = PBXFileReference; lastKnownFileType = file.storyboard; name = Base; path = Base.lproj/LaunchScreen.storyboard; sourceTree = "<group>"; };
		C26F07AC228692A400375FE3 /* Info.plist */ = {isa = PBXFileReference; lastKnownFileType = text.plist.xml; path = Info.plist; sourceTree = "<group>"; };
		C26F07B32286968F00375FE3 /* Extensions+UIView.swift */ = {isa = PBXFileReference; fileEncoding = 4; lastKnownFileType = sourcecode.swift; path = "Extensions+UIView.swift"; sourceTree = "<group>"; };
		C26F07B622869E9000375FE3 /* HomeBottomControlsStackView.swift */ = {isa = PBXFileReference; lastKnownFileType = sourcecode.swift; path = HomeBottomControlsStackView.swift; sourceTree = "<group>"; };
		C26F07B82286A59A00375FE3 /* TopNavagationStackView.swift */ = {isa = PBXFileReference; lastKnownFileType = sourcecode.swift; path = TopNavagationStackView.swift; sourceTree = "<group>"; };
		C26F07BA2289E2A800375FE3 /* CardView.swift */ = {isa = PBXFileReference; lastKnownFileType = sourcecode.swift; path = CardView.swift; sourceTree = "<group>"; };
		C296D046229CE8100031462A /* RegistrationController.swift */ = {isa = PBXFileReference; lastKnownFileType = sourcecode.swift; path = RegistrationController.swift; sourceTree = "<group>"; };
		C296D048229CFCCE0031462A /* CustomTextField.swift */ = {isa = PBXFileReference; lastKnownFileType = sourcecode.swift; path = CustomTextField.swift; sourceTree = "<group>"; };
		C296D04A229E392F0031462A /* RegistrationViewModel.swift */ = {isa = PBXFileReference; lastKnownFileType = sourcecode.swift; path = RegistrationViewModel.swift; sourceTree = "<group>"; };
		C296D04C229FAB740031462A /* GoogleService-Info.plist */ = {isa = PBXFileReference; fileEncoding = 4; lastKnownFileType = text.plist.xml; path = "GoogleService-Info.plist"; sourceTree = "<group>"; };
		C2E7F9E6228FF3ED006A5B16 /* CardViewModel.swift */ = {isa = PBXFileReference; lastKnownFileType = sourcecode.swift; path = CardViewModel.swift; sourceTree = "<group>"; };
		C2E7F9E822926FB7006A5B16 /* Advertiser.swift */ = {isa = PBXFileReference; lastKnownFileType = sourcecode.swift; path = Advertiser.swift; sourceTree = "<group>"; };
		C2EAED6F228FE26400BB4D44 /* User.swift */ = {isa = PBXFileReference; lastKnownFileType = sourcecode.swift; path = User.swift; sourceTree = "<group>"; };
/* End PBXFileReference section */

/* Begin PBXFrameworksBuildPhase section */
		C26F079A228692A400375FE3 /* Frameworks */ = {
			isa = PBXFrameworksBuildPhase;
			buildActionMask = 2147483647;
			files = (
				7F1EE6FAABCB1D0C964AF72D /* Pods_MatchFireStore.framework in Frameworks */,
			);
			runOnlyForDeploymentPostprocessing = 0;
		};
/* End PBXFrameworksBuildPhase section */

/* Begin PBXGroup section */
		12F1E32C37DFF197036E2B3F /* Frameworks */ = {
			isa = PBXGroup;
			children = (
				3EEF930B53C95EFE382B7647 /* Pods_MatchFireStore.framework */,
			);
			name = Frameworks;
			sourceTree = "<group>";
		};
		C26F0794228692A400375FE3 = {
			isa = PBXGroup;
			children = (
				C26F079F228692A400375FE3 /* MatchFireStore */,
				C26F079E228692A400375FE3 /* Products */,
				D097E4019A82027B413C7AF3 /* Pods */,
				12F1E32C37DFF197036E2B3F /* Frameworks */,
			);
			sourceTree = "<group>";
		};
		C26F079E228692A400375FE3 /* Products */ = {
			isa = PBXGroup;
			children = (
				C26F079D228692A400375FE3 /* MatchFireStore.app */,
			);
			name = Products;
			sourceTree = "<group>";
		};
		C26F079F228692A400375FE3 /* MatchFireStore */ = {
			isa = PBXGroup;
			children = (
				C2E7F9E5228FF3D1006A5B16 /* ViewModels */,
				C2E7F9E4228FF313006A5B16 /* Controller */,
				C2EAED6E228FE24100BB4D44 /* Model */,
				C26F07B522869E3C00375FE3 /* Views */,
				C26F07B22286962F00375FE3 /* Extensions */,
				C26F07A0228692A400375FE3 /* AppDelegate.swift */,
				C26F07A4228692A400375FE3 /* Main.storyboard */,
				C26F07A7228692A400375FE3 /* Assets.xcassets */,
				C26F07A9228692A400375FE3 /* LaunchScreen.storyboard */,
				C26F07AC228692A400375FE3 /* Info.plist */,
				C296D04C229FAB740031462A /* GoogleService-Info.plist */,
			);
			path = MatchFireStore;
			sourceTree = "<group>";
		};
		C26F07B22286962F00375FE3 /* Extensions */ = {
			isa = PBXGroup;
			children = (
				C26F07B32286968F00375FE3 /* Extensions+UIView.swift */,
			);
			path = Extensions;
			sourceTree = "<group>";
		};
		C26F07B522869E3C00375FE3 /* Views */ = {
			isa = PBXGroup;
			children = (
				C26F07B622869E9000375FE3 /* HomeBottomControlsStackView.swift */,
				C26F07B82286A59A00375FE3 /* TopNavagationStackView.swift */,
				C26F07BA2289E2A800375FE3 /* CardView.swift */,
				C296D048229CFCCE0031462A /* CustomTextField.swift */,
			);
			path = Views;
			sourceTree = "<group>";
		};
		C2E7F9E4228FF313006A5B16 /* Controller */ = {
			isa = PBXGroup;
			children = (
				C26F07A2228692A400375FE3 /* HomeController.swift */,
				C296D046229CE8100031462A /* RegistrationController.swift */,
				C296D04A229E392F0031462A /* RegistrationViewModel.swift */,
				C2515AE622A0EE0A00EABB89 /* Bindible.swift */,
			);
			path = Controller;
			sourceTree = "<group>";
		};
		C2E7F9E5228FF3D1006A5B16 /* ViewModels */ = {
			isa = PBXGroup;
			children = (
				C2E7F9E6228FF3ED006A5B16 /* CardViewModel.swift */,
			);
			path = ViewModels;
			sourceTree = "<group>";
		};
		C2EAED6E228FE24100BB4D44 /* Model */ = {
			isa = PBXGroup;
			children = (
				C2EAED6F228FE26400BB4D44 /* User.swift */,
				C2E7F9E822926FB7006A5B16 /* Advertiser.swift */,
			);
			path = Model;
			sourceTree = "<group>";
		};
		D097E4019A82027B413C7AF3 /* Pods */ = {
			isa = PBXGroup;
			children = (
				1ABC5C8E5F8F0FF7668DF2B0 /* Pods-MatchFireStore.debug.xcconfig */,
				B04F903EF64919AF3F88E1B4 /* Pods-MatchFireStore.release.xcconfig */,
			);
			name = Pods;
			sourceTree = "<group>";
		};
/* End PBXGroup section */

/* Begin PBXNativeTarget section */
		C26F079C228692A400375FE3 /* MatchFireStore */ = {
			isa = PBXNativeTarget;
			buildConfigurationList = C26F07AF228692A400375FE3 /* Build configuration list for PBXNativeTarget "MatchFireStore" */;
			buildPhases = (
				174945AA355438BFE7F09E6F /* [CP] Check Pods Manifest.lock */,
				C26F0799228692A400375FE3 /* Sources */,
				C26F079A228692A400375FE3 /* Frameworks */,
				C26F079B228692A400375FE3 /* Resources */,
				E86A776B4CBBA4EDEC43E978 /* [CP] Embed Pods Frameworks */,
			);
			buildRules = (
			);
			dependencies = (
			);
			name = MatchFireStore;
			productName = MatchFireStore;
			productReference = C26F079D228692A400375FE3 /* MatchFireStore.app */;
			productType = "com.apple.product-type.application";
		};
/* End PBXNativeTarget section */

/* Begin PBXProject section */
		C26F0795228692A400375FE3 /* Project object */ = {
			isa = PBXProject;
			attributes = {
				LastSwiftUpdateCheck = 1020;
				LastUpgradeCheck = 1020;
				ORGANIZATIONNAME = "Shawn Taikratoke";
				TargetAttributes = {
					C26F079C228692A400375FE3 = {
						CreatedOnToolsVersion = 10.2.1;
					};
				};
			};
			buildConfigurationList = C26F0798228692A400375FE3 /* Build configuration list for PBXProject "MatchFireStore" */;
			compatibilityVersion = "Xcode 9.3";
			developmentRegion = en;
			hasScannedForEncodings = 0;
			knownRegions = (
				en,
				Base,
			);
			mainGroup = C26F0794228692A400375FE3;
			productRefGroup = C26F079E228692A400375FE3 /* Products */;
			projectDirPath = "";
			projectRoot = "";
			targets = (
				C26F079C228692A400375FE3 /* MatchFireStore */,
			);
		};
/* End PBXProject section */

/* Begin PBXResourcesBuildPhase section */
		C26F079B228692A400375FE3 /* Resources */ = {
			isa = PBXResourcesBuildPhase;
			buildActionMask = 2147483647;
			files = (
				C26F07AB228692A400375FE3 /* LaunchScreen.storyboard in Resources */,
				C26F07A8228692A400375FE3 /* Assets.xcassets in Resources */,
				C296D04D229FAB740031462A /* GoogleService-Info.plist in Resources */,
				C26F07A6228692A400375FE3 /* Main.storyboard in Resources */,
			);
			runOnlyForDeploymentPostprocessing = 0;
		};
/* End PBXResourcesBuildPhase section */

/* Begin PBXShellScriptBuildPhase section */
		174945AA355438BFE7F09E6F /* [CP] Check Pods Manifest.lock */ = {
			isa = PBXShellScriptBuildPhase;
			buildActionMask = 2147483647;
			files = (
			);
			inputFileListPaths = (
			);
			inputPaths = (
				"${PODS_PODFILE_DIR_PATH}/Podfile.lock",
				"${PODS_ROOT}/Manifest.lock",
			);
			name = "[CP] Check Pods Manifest.lock";
			outputFileListPaths = (
			);
			outputPaths = (
				"$(DERIVED_FILE_DIR)/Pods-MatchFireStore-checkManifestLockResult.txt",
			);
			runOnlyForDeploymentPostprocessing = 0;
			shellPath = /bin/sh;
			shellScript = "diff \"${PODS_PODFILE_DIR_PATH}/Podfile.lock\" \"${PODS_ROOT}/Manifest.lock\" > /dev/null\nif [ $? != 0 ] ; then\n    # print error to STDERR\n    echo \"error: The sandbox is not in sync with the Podfile.lock. Run 'pod install' or update your CocoaPods installation.\" >&2\n    exit 1\nfi\n# This output is used by Xcode 'outputs' to avoid re-running this script phase.\necho \"SUCCESS\" > \"${SCRIPT_OUTPUT_FILE_0}\"\n";
			showEnvVarsInLog = 0;
		};
		E86A776B4CBBA4EDEC43E978 /* [CP] Embed Pods Frameworks */ = {
			isa = PBXShellScriptBuildPhase;
			buildActionMask = 2147483647;
			files = (
			);
			inputFileListPaths = (
			);
			inputPaths = (
				"${SRCROOT}/Pods/Target Support Files/Pods-MatchFireStore/Pods-MatchFireStore-frameworks.sh",
				"${BUILT_PRODUCTS_DIR}/BoringSSL-GRPC/openssl_grpc.framework",
				"${BUILT_PRODUCTS_DIR}/GTMSessionFetcher/GTMSessionFetcher.framework",
				"${BUILT_PRODUCTS_DIR}/GoogleUtilities/GoogleUtilities.framework",
				"${BUILT_PRODUCTS_DIR}/JGProgressHUD/JGProgressHUD.framework",
				"${BUILT_PRODUCTS_DIR}/Protobuf/Protobuf.framework",
				"${BUILT_PRODUCTS_DIR}/SDWebImage/SDWebImage.framework",
				"${BUILT_PRODUCTS_DIR}/gRPC/GRPCClient.framework",
				"${BUILT_PRODUCTS_DIR}/gRPC-C++/grpcpp.framework",
				"${BUILT_PRODUCTS_DIR}/gRPC-Core/grpc.framework",
				"${BUILT_PRODUCTS_DIR}/gRPC-ProtoRPC/ProtoRPC.framework",
				"${BUILT_PRODUCTS_DIR}/gRPC-RxLibrary/RxLibrary.framework",
				"${BUILT_PRODUCTS_DIR}/leveldb-library/leveldb.framework",
				"${BUILT_PRODUCTS_DIR}/nanopb/nanopb.framework",
			);
			name = "[CP] Embed Pods Frameworks";
			outputFileListPaths = (
			);
			outputPaths = (
				"${TARGET_BUILD_DIR}/${FRAMEWORKS_FOLDER_PATH}/openssl_grpc.framework",
				"${TARGET_BUILD_DIR}/${FRAMEWORKS_FOLDER_PATH}/GTMSessionFetcher.framework",
				"${TARGET_BUILD_DIR}/${FRAMEWORKS_FOLDER_PATH}/GoogleUtilities.framework",
				"${TARGET_BUILD_DIR}/${FRAMEWORKS_FOLDER_PATH}/JGProgressHUD.framework",
				"${TARGET_BUILD_DIR}/${FRAMEWORKS_FOLDER_PATH}/Protobuf.framework",
				"${TARGET_BUILD_DIR}/${FRAMEWORKS_FOLDER_PATH}/SDWebImage.framework",
				"${TARGET_BUILD_DIR}/${FRAMEWORKS_FOLDER_PATH}/GRPCClient.framework",
				"${TARGET_BUILD_DIR}/${FRAMEWORKS_FOLDER_PATH}/grpcpp.framework",
				"${TARGET_BUILD_DIR}/${FRAMEWORKS_FOLDER_PATH}/grpc.framework",
				"${TARGET_BUILD_DIR}/${FRAMEWORKS_FOLDER_PATH}/ProtoRPC.framework",
				"${TARGET_BUILD_DIR}/${FRAMEWORKS_FOLDER_PATH}/RxLibrary.framework",
				"${TARGET_BUILD_DIR}/${FRAMEWORKS_FOLDER_PATH}/leveldb.framework",
				"${TARGET_BUILD_DIR}/${FRAMEWORKS_FOLDER_PATH}/nanopb.framework",
			);
			runOnlyForDeploymentPostprocessing = 0;
			shellPath = /bin/sh;
			shellScript = "\"${SRCROOT}/Pods/Target Support Files/Pods-MatchFireStore/Pods-MatchFireStore-frameworks.sh\"\n";
			showEnvVarsInLog = 0;
		};
/* End PBXShellScriptBuildPhase section */

/* Begin PBXSourcesBuildPhase section */
		C26F0799228692A400375FE3 /* Sources */ = {
			isa = PBXSourcesBuildPhase;
			buildActionMask = 2147483647;
			files = (
				C26F07B92286A59A00375FE3 /* TopNavagationStackView.swift in Sources */,
				C296D04B229E392F0031462A /* RegistrationViewModel.swift in Sources */,
				C296D049229CFCCE0031462A /* CustomTextField.swift in Sources */,
				C26F07A3228692A400375FE3 /* HomeController.swift in Sources */,
				C2E7F9E922926FB7006A5B16 /* Advertiser.swift in Sources */,
				C26F07B722869E9000375FE3 /* HomeBottomControlsStackView.swift in Sources */,
				C26F07A1228692A400375FE3 /* AppDelegate.swift in Sources */,
				C2E7F9E7228FF3ED006A5B16 /* CardViewModel.swift in Sources */,
				C26F07BB2289E2A800375FE3 /* CardView.swift in Sources */,
				C26F07B42286968F00375FE3 /* Extensions+UIView.swift in Sources */,
				C296D047229CE8100031462A /* RegistrationController.swift in Sources */,
				C2515AE722A0EE0A00EABB89 /* Bindible.swift in Sources */,
				C2EAED70228FE26400BB4D44 /* User.swift in Sources */,
			);
			runOnlyForDeploymentPostprocessing = 0;
		};
/* End PBXSourcesBuildPhase section */

/* Begin PBXVariantGroup section */
		C26F07A4228692A400375FE3 /* Main.storyboard */ = {
			isa = PBXVariantGroup;
			children = (
				C26F07A5228692A400375FE3 /* Base */,
			);
			name = Main.storyboard;
			sourceTree = "<group>";
		};
		C26F07A9228692A400375FE3 /* LaunchScreen.storyboard */ = {
			isa = PBXVariantGroup;
			children = (
				C26F07AA228692A400375FE3 /* Base */,
			);
			name = LaunchScreen.storyboard;
			sourceTree = "<group>";
		};
/* End PBXVariantGroup section */

/* Begin XCBuildConfiguration section */
		C26F07AD228692A400375FE3 /* Debug */ = {
			isa = XCBuildConfiguration;
			buildSettings = {
				ALWAYS_SEARCH_USER_PATHS = NO;
				CLANG_ANALYZER_NONNULL = YES;
				CLANG_ANALYZER_NUMBER_OBJECT_CONVERSION = YES_AGGRESSIVE;
				CLANG_CXX_LANGUAGE_STANDARD = "gnu++14";
				CLANG_CXX_LIBRARY = "libc++";
				CLANG_ENABLE_MODULES = YES;
				CLANG_ENABLE_OBJC_ARC = YES;
				CLANG_ENABLE_OBJC_WEAK = YES;
				CLANG_WARN_BLOCK_CAPTURE_AUTORELEASING = YES;
				CLANG_WARN_BOOL_CONVERSION = YES;
				CLANG_WARN_COMMA = YES;
				CLANG_WARN_CONSTANT_CONVERSION = YES;
				CLANG_WARN_DEPRECATED_OBJC_IMPLEMENTATIONS = YES;
				CLANG_WARN_DIRECT_OBJC_ISA_USAGE = YES_ERROR;
				CLANG_WARN_DOCUMENTATION_COMMENTS = YES;
				CLANG_WARN_EMPTY_BODY = YES;
				CLANG_WARN_ENUM_CONVERSION = YES;
				CLANG_WARN_INFINITE_RECURSION = YES;
				CLANG_WARN_INT_CONVERSION = YES;
				CLANG_WARN_NON_LITERAL_NULL_CONVERSION = YES;
				CLANG_WARN_OBJC_IMPLICIT_RETAIN_SELF = YES;
				CLANG_WARN_OBJC_LITERAL_CONVERSION = YES;
				CLANG_WARN_OBJC_ROOT_CLASS = YES_ERROR;
				CLANG_WARN_RANGE_LOOP_ANALYSIS = YES;
				CLANG_WARN_STRICT_PROTOTYPES = YES;
				CLANG_WARN_SUSPICIOUS_MOVE = YES;
				CLANG_WARN_UNGUARDED_AVAILABILITY = YES_AGGRESSIVE;
				CLANG_WARN_UNREACHABLE_CODE = YES;
				CLANG_WARN__DUPLICATE_METHOD_MATCH = YES;
				CODE_SIGN_IDENTITY = "iPhone Developer";
				COPY_PHASE_STRIP = NO;
				DEBUG_INFORMATION_FORMAT = dwarf;
				ENABLE_STRICT_OBJC_MSGSEND = YES;
				ENABLE_TESTABILITY = YES;
				GCC_C_LANGUAGE_STANDARD = gnu11;
				GCC_DYNAMIC_NO_PIC = NO;
				GCC_NO_COMMON_BLOCKS = YES;
				GCC_OPTIMIZATION_LEVEL = 0;
				GCC_PREPROCESSOR_DEFINITIONS = (
					"DEBUG=1",
					"$(inherited)",
				);
				GCC_WARN_64_TO_32_BIT_CONVERSION = YES;
				GCC_WARN_ABOUT_RETURN_TYPE = YES_ERROR;
				GCC_WARN_UNDECLARED_SELECTOR = YES;
				GCC_WARN_UNINITIALIZED_AUTOS = YES_AGGRESSIVE;
				GCC_WARN_UNUSED_FUNCTION = YES;
				GCC_WARN_UNUSED_VARIABLE = YES;
				IPHONEOS_DEPLOYMENT_TARGET = 12.2;
				MTL_ENABLE_DEBUG_INFO = INCLUDE_SOURCE;
				MTL_FAST_MATH = YES;
				ONLY_ACTIVE_ARCH = YES;
				SDKROOT = iphoneos;
				SWIFT_ACTIVE_COMPILATION_CONDITIONS = DEBUG;
				SWIFT_OPTIMIZATION_LEVEL = "-Onone";
			};
			name = Debug;
		};
		C26F07AE228692A400375FE3 /* Release */ = {
			isa = XCBuildConfiguration;
			buildSettings = {
				ALWAYS_SEARCH_USER_PATHS = NO;
				CLANG_ANALYZER_NONNULL = YES;
				CLANG_ANALYZER_NUMBER_OBJECT_CONVERSION = YES_AGGRESSIVE;
				CLANG_CXX_LANGUAGE_STANDARD = "gnu++14";
				CLANG_CXX_LIBRARY = "libc++";
				CLANG_ENABLE_MODULES = YES;
				CLANG_ENABLE_OBJC_ARC = YES;
				CLANG_ENABLE_OBJC_WEAK = YES;
				CLANG_WARN_BLOCK_CAPTURE_AUTORELEASING = YES;
				CLANG_WARN_BOOL_CONVERSION = YES;
				CLANG_WARN_COMMA = YES;
				CLANG_WARN_CONSTANT_CONVERSION = YES;
				CLANG_WARN_DEPRECATED_OBJC_IMPLEMENTATIONS = YES;
				CLANG_WARN_DIRECT_OBJC_ISA_USAGE = YES_ERROR;
				CLANG_WARN_DOCUMENTATION_COMMENTS = YES;
				CLANG_WARN_EMPTY_BODY = YES;
				CLANG_WARN_ENUM_CONVERSION = YES;
				CLANG_WARN_INFINITE_RECURSION = YES;
				CLANG_WARN_INT_CONVERSION = YES;
				CLANG_WARN_NON_LITERAL_NULL_CONVERSION = YES;
				CLANG_WARN_OBJC_IMPLICIT_RETAIN_SELF = YES;
				CLANG_WARN_OBJC_LITERAL_CONVERSION = YES;
				CLANG_WARN_OBJC_ROOT_CLASS = YES_ERROR;
				CLANG_WARN_RANGE_LOOP_ANALYSIS = YES;
				CLANG_WARN_STRICT_PROTOTYPES = YES;
				CLANG_WARN_SUSPICIOUS_MOVE = YES;
				CLANG_WARN_UNGUARDED_AVAILABILITY = YES_AGGRESSIVE;
				CLANG_WARN_UNREACHABLE_CODE = YES;
				CLANG_WARN__DUPLICATE_METHOD_MATCH = YES;
				CODE_SIGN_IDENTITY = "iPhone Developer";
				COPY_PHASE_STRIP = NO;
				DEBUG_INFORMATION_FORMAT = "dwarf-with-dsym";
				ENABLE_NS_ASSERTIONS = NO;
				ENABLE_STRICT_OBJC_MSGSEND = YES;
				GCC_C_LANGUAGE_STANDARD = gnu11;
				GCC_NO_COMMON_BLOCKS = YES;
				GCC_WARN_64_TO_32_BIT_CONVERSION = YES;
				GCC_WARN_ABOUT_RETURN_TYPE = YES_ERROR;
				GCC_WARN_UNDECLARED_SELECTOR = YES;
				GCC_WARN_UNINITIALIZED_AUTOS = YES_AGGRESSIVE;
				GCC_WARN_UNUSED_FUNCTION = YES;
				GCC_WARN_UNUSED_VARIABLE = YES;
				IPHONEOS_DEPLOYMENT_TARGET = 12.2;
				MTL_ENABLE_DEBUG_INFO = NO;
				MTL_FAST_MATH = YES;
				SDKROOT = iphoneos;
				SWIFT_COMPILATION_MODE = wholemodule;
				SWIFT_OPTIMIZATION_LEVEL = "-O";
				VALIDATE_PRODUCT = YES;
			};
			name = Release;
		};
		C26F07B0228692A400375FE3 /* Debug */ = {
			isa = XCBuildConfiguration;
			baseConfigurationReference = 1ABC5C8E5F8F0FF7668DF2B0 /* Pods-MatchFireStore.debug.xcconfig */;
			buildSettings = {
				ASSETCATALOG_COMPILER_APPICON_NAME = AppIcon;
				CODE_SIGN_STYLE = Automatic;
				DEVELOPMENT_TEAM = Y8KHP45725;
				INFOPLIST_FILE = MatchFireStore/Info.plist;
				LD_RUNPATH_SEARCH_PATHS = (
					"$(inherited)",
					"@executable_path/Frameworks",
				);
				PRODUCT_BUNDLE_IDENTIFIER = com.tiktak.swipecouple;
				PRODUCT_NAME = "$(TARGET_NAME)";
				SWIFT_VERSION = 5.0;
				TARGETED_DEVICE_FAMILY = "1,2";
			};
			name = Debug;
		};
		C26F07B1228692A400375FE3 /* Release */ = {
			isa = XCBuildConfiguration;
			baseConfigurationReference = B04F903EF64919AF3F88E1B4 /* Pods-MatchFireStore.release.xcconfig */;
			buildSettings = {
				ASSETCATALOG_COMPILER_APPICON_NAME = AppIcon;
				CODE_SIGN_STYLE = Automatic;
				DEVELOPMENT_TEAM = Y8KHP45725;
				INFOPLIST_FILE = MatchFireStore/Info.plist;
				LD_RUNPATH_SEARCH_PATHS = (
					"$(inherited)",
					"@executable_path/Frameworks",
				);
				PRODUCT_BUNDLE_IDENTIFIER = com.tiktak.swipecouple;
				PRODUCT_NAME = "$(TARGET_NAME)";
				SWIFT_VERSION = 5.0;
				TARGETED_DEVICE_FAMILY = "1,2";
			};
			name = Release;
		};
/* End XCBuildConfiguration section */

/* Begin XCConfigurationList section */
		C26F0798228692A400375FE3 /* Build configuration list for PBXProject "MatchFireStore" */ = {
			isa = XCConfigurationList;
			buildConfigurations = (
				C26F07AD228692A400375FE3 /* Debug */,
				C26F07AE228692A400375FE3 /* Release */,
			);
			defaultConfigurationIsVisible = 0;
			defaultConfigurationName = Release;
		};
		C26F07AF228692A400375FE3 /* Build configuration list for PBXNativeTarget "MatchFireStore" */ = {
			isa = XCConfigurationList;
			buildConfigurations = (
				C26F07B0228692A400375FE3 /* Debug */,
				C26F07B1228692A400375FE3 /* Release */,
			);
			defaultConfigurationIsVisible = 0;
			defaultConfigurationName = Release;
		};
/* End XCConfigurationList section */
	};
	rootObject = C26F0795228692A400375FE3 /* Project object */;
}
